
Microsoft Visual Studio Solution File, Format Version 11.00
# Visual C++ Express 2010
Project("{8BC9CEB8-8B4A-11D0-8D11-00A0C91BC942}") = "음계", "음계\음계.vcxproj", "{A828771C-FF27-424B-BDC4-7C245E5B0A8D}"
EndProject
Global
	GlobalSection(SolutionConfigurationPlatforms) = preSolution
		Debug|Win32 = Debug|Win32
		Release|Win32 = Release|Win32
	EndGlobalSection
	GlobalSection(ProjectConfigurationPlatforms) = postSolution
		{A828771C-FF27-424B-BDC4-7C245E5B0A8D}.Debug|Win32.ActiveCfg = Debug|Win32
		{A828771C-FF27-424B-BDC4-7C245E5B0A8D}.Debug|Win32.Build.0 = Debug|Win32
		{A828771C-FF27-424B-BDC4-7C245E5B0A8D}.Release|Win32.ActiveCfg = Release|Win32
		{A828771C-FF27-424B-BDC4-7C245E5B0A8D}.Release|Win32.Build.0 = Release|Win32
	EndGlobalSection
	GlobalSection(SolutionProperties) = preSolution
		HideSolutionNode = FALSE
	EndGlobalSection
EndGlobal
