
Microsoft Visual Studio Solution File, Format Version 11.00
# Visual C++ Express 2010
Project("{8BC9CEB8-8B4A-11D0-8D11-00A0C91BC942}") = "1205_수업중실습", "1205_수업중실습\1205_수업중실습.vcxproj", "{CE3806AF-53CE-47F1-8B09-E89BD38E2C94}"
EndProject
Global
	GlobalSection(SolutionConfigurationPlatforms) = preSolution
		Debug|Win32 = Debug|Win32
		Release|Win32 = Release|Win32
	EndGlobalSection
	GlobalSection(ProjectConfigurationPlatforms) = postSolution
		{CE3806AF-53CE-47F1-8B09-E89BD38E2C94}.Debug|Win32.ActiveCfg = Debug|Win32
		{CE3806AF-53CE-47F1-8B09-E89BD38E2C94}.Debug|Win32.Build.0 = Debug|Win32
		{CE3806AF-53CE-47F1-8B09-E89BD38E2C94}.Release|Win32.ActiveCfg = Release|Win32
		{CE3806AF-53CE-47F1-8B09-E89BD38E2C94}.Release|Win32.Build.0 = Release|Win32
	EndGlobalSection
	GlobalSection(SolutionProperties) = preSolution
		HideSolutionNode = FALSE
	EndGlobalSection
EndGlobal
