
Microsoft Visual Studio Solution File, Format Version 11.00
# Visual C++ Express 2010
Project("{8BC9CEB8-8B4A-11D0-8D11-00A0C91BC942}") = "0227_가로수", "0227_가로수\0227_가로수.vcxproj", "{6F6EA0A1-0F9B-4F66-A6A5-5099103E5487}"
EndProject
Global
	GlobalSection(SolutionConfigurationPlatforms) = preSolution
		Debug|Win32 = Debug|Win32
		Release|Win32 = Release|Win32
	EndGlobalSection
	GlobalSection(ProjectConfigurationPlatforms) = postSolution
		{6F6EA0A1-0F9B-4F66-A6A5-5099103E5487}.Debug|Win32.ActiveCfg = Debug|Win32
		{6F6EA0A1-0F9B-4F66-A6A5-5099103E5487}.Debug|Win32.Build.0 = Debug|Win32
		{6F6EA0A1-0F9B-4F66-A6A5-5099103E5487}.Release|Win32.ActiveCfg = Release|Win32
		{6F6EA0A1-0F9B-4F66-A6A5-5099103E5487}.Release|Win32.Build.0 = Release|Win32
	EndGlobalSection
	GlobalSection(SolutionProperties) = preSolution
		HideSolutionNode = FALSE
	EndGlobalSection
EndGlobal
