
Microsoft Visual Studio Solution File, Format Version 11.00
# Visual C++ Express 2010
Project("{8BC9CEB8-8B4A-11D0-8D11-00A0C91BC942}") = "1017_진수의변환", "1017_진수의변환\1017_진수의변환.vcxproj", "{496910C7-1C46-41FC-B8D3-BD6FF58BF8BF}"
EndProject
Global
	GlobalSection(SolutionConfigurationPlatforms) = preSolution
		Debug|Win32 = Debug|Win32
		Release|Win32 = Release|Win32
	EndGlobalSection
	GlobalSection(ProjectConfigurationPlatforms) = postSolution
		{496910C7-1C46-41FC-B8D3-BD6FF58BF8BF}.Debug|Win32.ActiveCfg = Debug|Win32
		{496910C7-1C46-41FC-B8D3-BD6FF58BF8BF}.Debug|Win32.Build.0 = Debug|Win32
		{496910C7-1C46-41FC-B8D3-BD6FF58BF8BF}.Release|Win32.ActiveCfg = Release|Win32
		{496910C7-1C46-41FC-B8D3-BD6FF58BF8BF}.Release|Win32.Build.0 = Release|Win32
	EndGlobalSection
	GlobalSection(SolutionProperties) = preSolution
		HideSolutionNode = FALSE
	EndGlobalSection
EndGlobal
