
Microsoft Visual Studio Solution File, Format Version 11.00
# Visual C++ Express 2010
Project("{8BC9CEB8-8B4A-11D0-8D11-00A0C91BC942}") = "학생정보구조체", "학생정보구조체\학생정보구조체.vcxproj", "{4EF549AB-F316-4E23-BDF2-C955CC25285F}"
EndProject
Global
	GlobalSection(SolutionConfigurationPlatforms) = preSolution
		Debug|Win32 = Debug|Win32
		Release|Win32 = Release|Win32
	EndGlobalSection
	GlobalSection(ProjectConfigurationPlatforms) = postSolution
		{4EF549AB-F316-4E23-BDF2-C955CC25285F}.Debug|Win32.ActiveCfg = Debug|Win32
		{4EF549AB-F316-4E23-BDF2-C955CC25285F}.Debug|Win32.Build.0 = Debug|Win32
		{4EF549AB-F316-4E23-BDF2-C955CC25285F}.Release|Win32.ActiveCfg = Release|Win32
		{4EF549AB-F316-4E23-BDF2-C955CC25285F}.Release|Win32.Build.0 = Release|Win32
	EndGlobalSection
	GlobalSection(SolutionProperties) = preSolution
		HideSolutionNode = FALSE
	EndGlobalSection
EndGlobal
