
Microsoft Visual Studio Solution File, Format Version 11.00
# Visual C++ Express 2010
Project("{8BC9CEB8-8B4A-11D0-8D11-00A0C91BC942}") = "DS_HW2.2", "DS_HW2.2\DS_HW2.2.vcxproj", "{2971A897-2C94-4192-9DD2-C7EFBFD98574}"
EndProject
Global
	GlobalSection(SolutionConfigurationPlatforms) = preSolution
		Debug|Win32 = Debug|Win32
		Release|Win32 = Release|Win32
	EndGlobalSection
	GlobalSection(ProjectConfigurationPlatforms) = postSolution
		{2971A897-2C94-4192-9DD2-C7EFBFD98574}.Debug|Win32.ActiveCfg = Debug|Win32
		{2971A897-2C94-4192-9DD2-C7EFBFD98574}.Debug|Win32.Build.0 = Debug|Win32
		{2971A897-2C94-4192-9DD2-C7EFBFD98574}.Release|Win32.ActiveCfg = Release|Win32
		{2971A897-2C94-4192-9DD2-C7EFBFD98574}.Release|Win32.Build.0 = Release|Win32
	EndGlobalSection
	GlobalSection(SolutionProperties) = preSolution
		HideSolutionNode = FALSE
	EndGlobalSection
EndGlobal
