
Microsoft Visual Studio Solution File, Format Version 11.00
# Visual C++ Express 2010
Project("{8BC9CEB8-8B4A-11D0-8D11-00A0C91BC942}") = "랜덤수", "랜덤수\랜덤수.vcxproj", "{F4E3ABF5-A290-4D0F-BDA3-F93F9AF05C21}"
EndProject
Global
	GlobalSection(SolutionConfigurationPlatforms) = preSolution
		Debug|Win32 = Debug|Win32
		Release|Win32 = Release|Win32
	EndGlobalSection
	GlobalSection(ProjectConfigurationPlatforms) = postSolution
		{F4E3ABF5-A290-4D0F-BDA3-F93F9AF05C21}.Debug|Win32.ActiveCfg = Debug|Win32
		{F4E3ABF5-A290-4D0F-BDA3-F93F9AF05C21}.Debug|Win32.Build.0 = Debug|Win32
		{F4E3ABF5-A290-4D0F-BDA3-F93F9AF05C21}.Release|Win32.ActiveCfg = Release|Win32
		{F4E3ABF5-A290-4D0F-BDA3-F93F9AF05C21}.Release|Win32.Build.0 = Release|Win32
	EndGlobalSection
	GlobalSection(SolutionProperties) = preSolution
		HideSolutionNode = FALSE
	EndGlobalSection
EndGlobal
