
Microsoft Visual Studio Solution File, Format Version 11.00
# Visual C++ Express 2010
Project("{8BC9CEB8-8B4A-11D0-8D11-00A0C91BC942}") = "DS_HW3.1", "DS_HW3.1\DS_HW3.1.vcxproj", "{57C18933-4AAF-4C2C-8E17-6234814CDC12}"
EndProject
Global
	GlobalSection(SolutionConfigurationPlatforms) = preSolution
		Debug|Win32 = Debug|Win32
		Release|Win32 = Release|Win32
	EndGlobalSection
	GlobalSection(ProjectConfigurationPlatforms) = postSolution
		{57C18933-4AAF-4C2C-8E17-6234814CDC12}.Debug|Win32.ActiveCfg = Debug|Win32
		{57C18933-4AAF-4C2C-8E17-6234814CDC12}.Debug|Win32.Build.0 = Debug|Win32
		{57C18933-4AAF-4C2C-8E17-6234814CDC12}.Release|Win32.ActiveCfg = Release|Win32
		{57C18933-4AAF-4C2C-8E17-6234814CDC12}.Release|Win32.Build.0 = Release|Win32
	EndGlobalSection
	GlobalSection(SolutionProperties) = preSolution
		HideSolutionNode = FALSE
	EndGlobalSection
EndGlobal
