
Microsoft Visual Studio Solution File, Format Version 11.00
# Visual C++ Express 2010
Project("{8BC9CEB8-8B4A-11D0-8D11-00A0C91BC942}") = "삭제", "삭제\삭제.vcxproj", "{829BD137-59B1-409A-8566-8AA1B61F7876}"
EndProject
Global
	GlobalSection(SolutionConfigurationPlatforms) = preSolution
		Debug|Win32 = Debug|Win32
		Release|Win32 = Release|Win32
	EndGlobalSection
	GlobalSection(ProjectConfigurationPlatforms) = postSolution
		{829BD137-59B1-409A-8566-8AA1B61F7876}.Debug|Win32.ActiveCfg = Debug|Win32
		{829BD137-59B1-409A-8566-8AA1B61F7876}.Debug|Win32.Build.0 = Debug|Win32
		{829BD137-59B1-409A-8566-8AA1B61F7876}.Release|Win32.ActiveCfg = Release|Win32
		{829BD137-59B1-409A-8566-8AA1B61F7876}.Release|Win32.Build.0 = Release|Win32
	EndGlobalSection
	GlobalSection(SolutionProperties) = preSolution
		HideSolutionNode = FALSE
	EndGlobalSection
EndGlobal
