
Microsoft Visual Studio Solution File, Format Version 11.00
# Visual C++ Express 2010
Project("{8BC9CEB8-8B4A-11D0-8D11-00A0C91BC942}") = "수찾기", "수찾기\수찾기.vcxproj", "{C8B70AAE-6CF6-48EA-A3EE-1F0993564184}"
EndProject
Global
	GlobalSection(SolutionConfigurationPlatforms) = preSolution
		Debug|Win32 = Debug|Win32
		Release|Win32 = Release|Win32
	EndGlobalSection
	GlobalSection(ProjectConfigurationPlatforms) = postSolution
		{C8B70AAE-6CF6-48EA-A3EE-1F0993564184}.Debug|Win32.ActiveCfg = Debug|Win32
		{C8B70AAE-6CF6-48EA-A3EE-1F0993564184}.Debug|Win32.Build.0 = Debug|Win32
		{C8B70AAE-6CF6-48EA-A3EE-1F0993564184}.Release|Win32.ActiveCfg = Release|Win32
		{C8B70AAE-6CF6-48EA-A3EE-1F0993564184}.Release|Win32.Build.0 = Release|Win32
	EndGlobalSection
	GlobalSection(SolutionProperties) = preSolution
		HideSolutionNode = FALSE
	EndGlobalSection
EndGlobal
