
Microsoft Visual Studio Solution File, Format Version 11.00
# Visual C++ Express 2010
Project("{8BC9CEB8-8B4A-11D0-8D11-00A0C91BC942}") = "DS_HW4.2", "DS_HW4.2\DS_HW4.2.vcxproj", "{1F573D3E-DDF6-4DD2-A5D7-A2B2E97F53EA}"
EndProject
Global
	GlobalSection(SolutionConfigurationPlatforms) = preSolution
		Debug|Win32 = Debug|Win32
		Release|Win32 = Release|Win32
	EndGlobalSection
	GlobalSection(ProjectConfigurationPlatforms) = postSolution
		{1F573D3E-DDF6-4DD2-A5D7-A2B2E97F53EA}.Debug|Win32.ActiveCfg = Debug|Win32
		{1F573D3E-DDF6-4DD2-A5D7-A2B2E97F53EA}.Debug|Win32.Build.0 = Debug|Win32
		{1F573D3E-DDF6-4DD2-A5D7-A2B2E97F53EA}.Release|Win32.ActiveCfg = Release|Win32
		{1F573D3E-DDF6-4DD2-A5D7-A2B2E97F53EA}.Release|Win32.Build.0 = Release|Win32
	EndGlobalSection
	GlobalSection(SolutionProperties) = preSolution
		HideSolutionNode = FALSE
	EndGlobalSection
EndGlobal
