
Microsoft Visual Studio Solution File, Format Version 11.00
# Visual C++ Express 2010
Project("{8BC9CEB8-8B4A-11D0-8D11-00A0C91BC942}") = "1008_c", "1008_c\1008_c.vcxproj", "{4A94F772-53AF-43FD-9218-7C2EB2E4A29F}"
EndProject
Global
	GlobalSection(SolutionConfigurationPlatforms) = preSolution
		Debug|Win32 = Debug|Win32
		Release|Win32 = Release|Win32
	EndGlobalSection
	GlobalSection(ProjectConfigurationPlatforms) = postSolution
		{4A94F772-53AF-43FD-9218-7C2EB2E4A29F}.Debug|Win32.ActiveCfg = Debug|Win32
		{4A94F772-53AF-43FD-9218-7C2EB2E4A29F}.Debug|Win32.Build.0 = Debug|Win32
		{4A94F772-53AF-43FD-9218-7C2EB2E4A29F}.Release|Win32.ActiveCfg = Release|Win32
		{4A94F772-53AF-43FD-9218-7C2EB2E4A29F}.Release|Win32.Build.0 = Release|Win32
	EndGlobalSection
	GlobalSection(SolutionProperties) = preSolution
		HideSolutionNode = FALSE
	EndGlobalSection
EndGlobal
