
Microsoft Visual Studio Solution File, Format Version 11.00
# Visual C++ Express 2010
Project("{8BC9CEB8-8B4A-11D0-8D11-00A0C91BC942}") = "epper13회_1번", "epper13회_1번\epper13회_1번.vcxproj", "{FDAE474B-3448-4312-863E-404DC80200EB}"
EndProject
Global
	GlobalSection(SolutionConfigurationPlatforms) = preSolution
		Debug|Win32 = Debug|Win32
		Release|Win32 = Release|Win32
	EndGlobalSection
	GlobalSection(ProjectConfigurationPlatforms) = postSolution
		{FDAE474B-3448-4312-863E-404DC80200EB}.Debug|Win32.ActiveCfg = Debug|Win32
		{FDAE474B-3448-4312-863E-404DC80200EB}.Debug|Win32.Build.0 = Debug|Win32
		{FDAE474B-3448-4312-863E-404DC80200EB}.Release|Win32.ActiveCfg = Release|Win32
		{FDAE474B-3448-4312-863E-404DC80200EB}.Release|Win32.Build.0 = Release|Win32
	EndGlobalSection
	GlobalSection(SolutionProperties) = preSolution
		HideSolutionNode = FALSE
	EndGlobalSection
EndGlobal
